{
  "name": "desafio-1",
  "version": "1.0.0",
  "lockfileVersion": 2,
  "requires": true,
  "packages": {
    "": {
      "name": "desafio-1",
      "version": "1.0.0",
      "license": "ISC",
      "dependencies": {
        "csv-generate": "^4.2.1"
      }
    },
    "node_modules/csv-generate": {
      "version": "4.2.1",
      "resolved": "https://registry.npmjs.org/csv-generate/-/csv-generate-4.2.1.tgz",
      "integrity": "sha512-w6GFHjvApv6bcJ2xdi9JGsH6ZvUBfC+vUdfefnEzurXG6hMRwzkBLnhztU2H7v7+zfCk1I/knnQ+tGbgpxWrBw=="
    }
  },
  "dependencies": {
    "csv-generate": {
      "version": "4.2.1",
      "resolved": "https://registry.npmjs.org/csv-generate/-/csv-generate-4.2.1.tgz",
      "integrity": "sha512-w6GFHjvApv6bcJ2xdi9JGsH6ZvUBfC+vUdfefnEzurXG6hMRwzkBLnhztU2H7v7+zfCk1I/knnQ+tGbgpxWrBw=="
    }
  }
}
